Microsoft Visual Studio Solution File, Format Version 11.00
# Visual Studio 2008

Project("{F606AABF-28D8-C6AF-0B58-3495BA14A8E0}") = "CAVEDemo", "Assembly-CSharp-firstpass.csproj", "{4C017F12-13C6-0298-ED64-B9AE1BB5CD1C}"
EndProject
Project("{F606AABF-28D8-C6AF-0B58-3495BA14A8E0}") = "CAVEDemo", "Assembly-CSharp.csproj", "{CB4FA94A-16A5-1B72-16D6-D0AAA47EA42D}"
EndProject
Project("{F606AABF-28D8-C6AF-0B58-3495BA14A8E0}") = "CAVEDemo", "Assembly-CSharp-Editor.csproj", "{7222229F-C696-917F-768C-A83094DC0441}"
EndProject
Project("{F606AABF-28D8-C6AF-0B58-3495BA14A8E0}") = "CAVEDemo", "Assembly-UnityScript-firstpass.unityproj", "{91E99753-E7B6-B470-8D89-4CA71F0A1E65}"
EndProject
Project("{F606AABF-28D8-C6AF-0B58-3495BA14A8E0}") = "CAVEDemo", "Assembly-UnityScript.unityproj", "{40C15977-4BAF-A57B-429C-4903E03CE58E}"
EndProject
Project("{F606AABF-28D8-C6AF-0B58-3495BA14A8E0}") = "CAVEDemo", "Assembly-UnityScript-Editor.unityproj", "{F62FC57F-47BD-02E1-6DFA-5E3FCA0661A0}"
EndProject
Global
	GlobalSection(SolutionConfigurationPlatforms) = preSolution
		Debug|Any CPU = Debug|Any CPU
		Release|Any CPU = Release|Any CPU
	EndGlobalSection
	GlobalSection(ProjectConfigurationPlatforms) = postSolution
		{4C017F12-13C6-0298-ED64-B9AE1BB5CD1C}.Debug|Any CPU.ActiveCfg = Debug|Any CPU
		{4C017F12-13C6-0298-ED64-B9AE1BB5CD1C}.Debug|Any CPU.Build.0 = Debug|Any CPU
		{4C017F12-13C6-0298-ED64-B9AE1BB5CD1C}.Release|Any CPU.ActiveCfg = Release|Any CPU
		{4C017F12-13C6-0298-ED64-B9AE1BB5CD1C}.Release|Any CPU.Build.0 = Release|Any CPU
		{CB4FA94A-16A5-1B72-16D6-D0AAA47EA42D}.Debug|Any CPU.ActiveCfg = Debug|Any CPU
		{CB4FA94A-16A5-1B72-16D6-D0AAA47EA42D}.Debug|Any CPU.Build.0 = Debug|Any CPU
		{CB4FA94A-16A5-1B72-16D6-D0AAA47EA42D}.Release|Any CPU.ActiveCfg = Release|Any CPU
		{CB4FA94A-16A5-1B72-16D6-D0AAA47EA42D}.Release|Any CPU.Build.0 = Release|Any CPU
		{7222229F-C696-917F-768C-A83094DC0441}.Debug|Any CPU.ActiveCfg = Debug|Any CPU
		{7222229F-C696-917F-768C-A83094DC0441}.Debug|Any CPU.Build.0 = Debug|Any CPU
		{7222229F-C696-917F-768C-A83094DC0441}.Release|Any CPU.ActiveCfg = Release|Any CPU
		{7222229F-C696-917F-768C-A83094DC0441}.Release|Any CPU.Build.0 = Release|Any CPU
		{91E99753-E7B6-B470-8D89-4CA71F0A1E65}.Debug|Any CPU.ActiveCfg = Debug|Any CPU
		{91E99753-E7B6-B470-8D89-4CA71F0A1E65}.Debug|Any CPU.Build.0 = Debug|Any CPU
		{91E99753-E7B6-B470-8D89-4CA71F0A1E65}.Release|Any CPU.ActiveCfg = Release|Any CPU
		{91E99753-E7B6-B470-8D89-4CA71F0A1E65}.Release|Any CPU.Build.0 = Release|Any CPU
		{40C15977-4BAF-A57B-429C-4903E03CE58E}.Debug|Any CPU.ActiveCfg = Debug|Any CPU
		{40C15977-4BAF-A57B-429C-4903E03CE58E}.Debug|Any CPU.Build.0 = Debug|Any CPU
		{40C15977-4BAF-A57B-429C-4903E03CE58E}.Release|Any CPU.ActiveCfg = Release|Any CPU
		{40C15977-4BAF-A57B-429C-4903E03CE58E}.Release|Any CPU.Build.0 = Release|Any CPU
		{F62FC57F-47BD-02E1-6DFA-5E3FCA0661A0}.Debug|Any CPU.ActiveCfg = Debug|Any CPU
		{F62FC57F-47BD-02E1-6DFA-5E3FCA0661A0}.Debug|Any CPU.Build.0 = Debug|Any CPU
		{F62FC57F-47BD-02E1-6DFA-5E3FCA0661A0}.Release|Any CPU.ActiveCfg = Release|Any CPU
		{F62FC57F-47BD-02E1-6DFA-5E3FCA0661A0}.Release|Any CPU.Build.0 = Release|Any CPU
	EndGlobalSection
	GlobalSection(SolutionProperties) = preSolution
		HideSolutionNode = FALSE
	EndGlobalSection
																			GlobalSection(MonoDevelopProperties) = preSolution
		StartupItem = Assembly-CSharp.csproj
		Policies = $0
		$0.TextStylePolicy = $1
		$1.inheritsSet = null
		$1.scope = text/x-csharp
		$0.CSharpFormattingPolicy = $2
		$2.inheritsSet = Mono
		$2.inheritsScope = text/x-csharp
		$2.scope = text/x-csharp
		$0.TextStylePolicy = $3
		$3.FileWidth = 120
		$3.TabWidth = 4
		$3.EolMarker = Unix
		$3.inheritsSet = Mono
		$3.inheritsScope = text/plain
		$3.scope = text/plain
	EndGlobalSection

EndGlobal
